
Microsoft Visual Studio Solution File, Format Version 12.00
# Visual Studio 15
VisualStudioVersion = 15.0.28010.2003
MinimumVisualStudioVersion = 10.0.40219.1
Project("{FAE04EC0-301F-11D3-BF4B-00C04F79EFBC}") = "sellnbuyapps", "sellnbuyapps\sellnbuyapps.csproj", "{C7D28463-3186-4AEE-B1D0-134B713B9ED8}"
EndProject
Global
	GlobalSection(SolutionConfigurationPlatforms) = preSolution
		Debug|Any CPU = Debug|Any CPU
		Release|Any CPU = Release|Any CPU
	EndGlobalSection
	GlobalSection(ProjectConfigurationPlatforms) = postSolution
		{C7D28463-3186-4AEE-B1D0-134B713B9ED8}.Debug|Any CPU.ActiveCfg = Debug|Any CPU
		{C7D28463-3186-4AEE-B1D0-134B713B9ED8}.Debug|Any CPU.Build.0 = Debug|Any CPU
		{C7D28463-3186-4AEE-B1D0-134B713B9ED8}.Release|Any CPU.ActiveCfg = Release|Any CPU
		{C7D28463-3186-4AEE-B1D0-134B713B9ED8}.Release|Any CPU.Build.0 = Release|Any CPU
	EndGlobalSection
	GlobalSection(SolutionProperties) = preSolution
		HideSolutionNode = FALSE
	EndGlobalSection
	GlobalSection(ExtensibilityGlobals) = postSolution
		SolutionGuid = {265DD835-39E7-4F9E-8EEC-1381D9360529}
	EndGlobalSection
EndGlobal
